// !$*UTF8*$!
{
	archiveVersion = 1;
	classes = {
	};
	objectVersion = 56;
	objects = {

/* Begin PBXBuildFile section */
		DC8BCBC52A39770E009B6EA8 /* AppDelegate.swift in Sources */ = {isa = PBXBuildFile; fileRef = DC8BCBC42A39770E009B6EA8 /* AppDelegate.swift */; };
		DC8BCBC72A39770E009B6EA8 /* SceneDelegate.swift in Sources */ = {isa = PBXBuildFile; fileRef = DC8BCBC62A39770E009B6EA8 /* SceneDelegate.swift */; };
		DC8BCBC92A39770E009B6EA8 /* ViewController.swift in Sources */ = {isa = PBXBuildFile; fileRef = DC8BCBC82A39770E009B6EA8 /* ViewController.swift */; };
		DC8BCBCC2A39770E009B6EA8 /* Main.storyboard in Resources */ = {isa = PBXBuildFile; fileRef = DC8BCBCA2A39770E009B6EA8 /* Main.storyboard */; };
		DC8BCBCE2A397710009B6EA8 /* Assets.xcassets in Resources */ = {isa = PBXBuildFile; fileRef = DC8BCBCD2A397710009B6EA8 /* Assets.xcassets */; };
		DC8BCBD12A397710009B6EA8 /* LaunchScreen.storyboard in Resources */ = {isa = PBXBuildFile; fileRef = DC8BCBCF2A397710009B6EA8 /* LaunchScreen.storyboard */; };
		DC8BCBD92A397B26009B6EA8 /* TableViewController.swift in Sources */ = {isa = PBXBuildFile; fileRef = DC8BCBD82A397B26009B6EA8 /* TableViewController.swift */; };
		DC8BCBDB2A3981D6009B6EA8 /* Students.swift in Sources */ = {isa = PBXBuildFile; fileRef = DC8BCBDA2A3981D6009B6EA8 /* Students.swift */; };
/* End PBXBuildFile section */

/* Begin PBXFileReference section */
		DC8BCBC12A39770E009B6EA8 /* StudentKit.app */ = {isa = PBXFileReference; explicitFileType = wrapper.application; includeInIndex = 0; path = StudentKit.app; sourceTree = BUILT_PRODUCTS_DIR; };
		DC8BCBC42A39770E009B6EA8 /* AppDelegate.swift */ = {isa = PBXFileReference; lastKnownFileType = sourcecode.swift; path = AppDelegate.swift; sourceTree = "<group>"; };
		DC8BCBC62A39770E009B6EA8 /* SceneDelegate.swift */ = {isa = PBXFileReference; lastKnownFileType = sourcecode.swift; path = SceneDelegate.swift; sourceTree = "<group>"; };
		DC8BCBC82A39770E009B6EA8 /* ViewController.swift */ = {isa = PBXFileReference; lastKnownFileType = sourcecode.swift; path = ViewController.swift; sourceTree = "<group>"; };
		DC8BCBCB2A39770E009B6EA8 /* Base */ = {isa = PBXFileReference; lastKnownFileType = file.storyboard; name = Base; path = Base.lproj/Main.storyboard; sourceTree = "<group>"; };
		DC8BCBCD2A397710009B6EA8 /* Assets.xcassets */ = {isa = PBXFileReference; lastKnownFileType = folder.assetcatalog; path = Assets.xcassets; sourceTree = "<group>"; };
		DC8BCBD02A397710009B6EA8 /* Base */ = {isa = PBXFileReference; lastKnownFileType = file.storyboard; name = Base; path = Base.lproj/LaunchScreen.storyboard; sourceTree = "<group>"; };
		DC8BCBD22A397710009B6EA8 /* Info.plist */ = {isa = PBXFileReference; lastKnownFileType = text.plist.xml; path = Info.plist; sourceTree = "<group>"; };
		DC8BCBD82A397B26009B6EA8 /* TableViewController.swift */ = {isa = PBXFileReference; lastKnownFileType = sourcecode.swift; path = TableViewController.swift; sourceTree = "<group>"; };
		DC8BCBDA2A3981D6009B6EA8 /* Students.swift */ = {isa = PBXFileReference; lastKnownFileType = sourcecode.swift; path = Students.swift; sourceTree = "<group>"; };
/* End PBXFileReference section */

/* Begin PBXFrameworksBuildPhase section */
		DC8BCBBE2A39770E009B6EA8 /* Frameworks */ = {
			isa = PBXFrameworksBuildPhase;
			buildActionMask = 2147483647;
			files = (
			);
			runOnlyForDeploymentPostprocessing = 0;
		};
/* End PBXFrameworksBuildPhase section */

/* Begin PBXGroup section */
		DC8BCBB82A39770E009B6EA8 = {
			isa = PBXGroup;
			children = (
				DC8BCBC32A39770E009B6EA8 /* StudentKit */,
				DC8BCBC22A39770E009B6EA8 /* Products */,
			);
			sourceTree = "<group>";
		};
		DC8BCBC22A39770E009B6EA8 /* Products */ = {
			isa = PBXGroup;
			children = (
				DC8BCBC12A39770E009B6EA8 /* StudentKit.app */,
			);
			name = Products;
			sourceTree = "<group>";
		};
		DC8BCBC32A39770E009B6EA8 /* StudentKit */ = {
			isa = PBXGroup;
			children = (
				DC8BCBC42A39770E009B6EA8 /* AppDelegate.swift */,
				DC8BCBC62A39770E009B6EA8 /* SceneDelegate.swift */,
				DC8BCBDC2A3981E6009B6EA8 /* ViewController */,
				DC8BCBDD2A3981F1009B6EA8 /* Model */,
				DC8BCBCA2A39770E009B6EA8 /* Main.storyboard */,
				DC8BCBCD2A397710009B6EA8 /* Assets.xcassets */,
				DC8BCBCF2A397710009B6EA8 /* LaunchScreen.storyboard */,
				DC8BCBD22A397710009B6EA8 /* Info.plist */,
			);
			path = StudentKit;
			sourceTree = "<group>";
		};
		DC8BCBDC2A3981E6009B6EA8 /* ViewController */ = {
			isa = PBXGroup;
			children = (
				DC8BCBC82A39770E009B6EA8 /* ViewController.swift */,
				DC8BCBD82A397B26009B6EA8 /* TableViewController.swift */,
			);
			path = ViewController;
			sourceTree = "<group>";
		};
		DC8BCBDD2A3981F1009B6EA8 /* Model */ = {
			isa = PBXGroup;
			children = (
				DC8BCBDA2A3981D6009B6EA8 /* Students.swift */,
			);
			path = Model;
			sourceTree = "<group>";
		};
/* End PBXGroup section */

/* Begin PBXNativeTarget section */
		DC8BCBC02A39770E009B6EA8 /* StudentKit */ = {
			isa = PBXNativeTarget;
			buildConfigurationList = DC8BCBD52A397710009B6EA8 /* Build configuration list for PBXNativeTarget "StudentKit" */;
			buildPhases = (
				DC8BCBBD2A39770E009B6EA8 /* Sources */,
				DC8BCBBE2A39770E009B6EA8 /* Frameworks */,
				DC8BCBBF2A39770E009B6EA8 /* Resources */,
			);
			buildRules = (
			);
			dependencies = (
			);
			name = StudentKit;
			productName = StudentKit;
			productReference = DC8BCBC12A39770E009B6EA8 /* StudentKit.app */;
			productType = "com.apple.product-type.application";
		};
/* End PBXNativeTarget section */

/* Begin PBXProject section */
		DC8BCBB92A39770E009B6EA8 /* Project object */ = {
			isa = PBXProject;
			attributes = {
				BuildIndependentTargetsInParallel = 1;
				LastSwiftUpdateCheck = 1430;
				LastUpgradeCheck = 1430;
				TargetAttributes = {
					DC8BCBC02A39770E009B6EA8 = {
						CreatedOnToolsVersion = 14.3;
					};
				};
			};
			buildConfigurationList = DC8BCBBC2A39770E009B6EA8 /* Build configuration list for PBXProject "StudentKit" */;
			compatibilityVersion = "Xcode 14.0";
			developmentRegion = en;
			hasScannedForEncodings = 0;
			knownRegions = (
				en,
				Base,
			);
			mainGroup = DC8BCBB82A39770E009B6EA8;
			productRefGroup = DC8BCBC22A39770E009B6EA8 /* Products */;
			projectDirPath = "";
			projectRoot = "";
			targets = (
				DC8BCBC02A39770E009B6EA8 /* StudentKit */,
			);
		};
/* End PBXProject section */

/* Begin PBXResourcesBuildPhase section */
		DC8BCBBF2A39770E009B6EA8 /* Resources */ = {
			isa = PBXResourcesBuildPhase;
			buildActionMask = 2147483647;
			files = (
				DC8BCBD12A397710009B6EA8 /* LaunchScreen.storyboard in Resources */,
				DC8BCBCE2A397710009B6EA8 /* Assets.xcassets in Resources */,
				DC8BCBCC2A39770E009B6EA8 /* Main.storyboard in Resources */,
			);
			runOnlyForDeploymentPostprocessing = 0;
		};
/* End PBXResourcesBuildPhase section */

/* Begin PBXSourcesBuildPhase section */
		DC8BCBBD2A39770E009B6EA8 /* Sources */ = {
			isa = PBXSourcesBuildPhase;
			buildActionMask = 2147483647;
			files = (
				DC8BCBC92A39770E009B6EA8 /* ViewController.swift in Sources */,
				DC8BCBC52A39770E009B6EA8 /* AppDelegate.swift in Sources */,
				DC8BCBDB2A3981D6009B6EA8 /* Students.swift in Sources */,
				DC8BCBC72A39770E009B6EA8 /* SceneDelegate.swift in Sources */,
				DC8BCBD92A397B26009B6EA8 /* TableViewController.swift in Sources */,
			);
			runOnlyForDeploymentPostprocessing = 0;
		};
/* End PBXSourcesBuildPhase section */

/* Begin PBXVariantGroup section */
		DC8BCBCA2A39770E009B6EA8 /* Main.storyboard */ = {
			isa = PBXVariantGroup;
			children = (
				DC8BCBCB2A39770E009B6EA8 /* Base */,
			);
			name = Main.storyboard;
			sourceTree = "<group>";
		};
		DC8BCBCF2A397710009B6EA8 /* LaunchScreen.storyboard */ = {
			isa = PBXVariantGroup;
			children = (
				DC8BCBD02A397710009B6EA8 /* Base */,
			);
			name = LaunchScreen.storyboard;
			sourceTree = "<group>";
		};
/* End PBXVariantGroup section */

/* Begin XCBuildConfiguration section */
		DC8BCBD32A397710009B6EA8 /* Debug */ = {
			isa = XCBuildConfiguration;
			buildSettings = {
				ALWAYS_SEARCH_USER_PATHS = NO;
				CLANG_ANALYZER_NONNULL = YES;
				CLANG_ANALYZER_NUMBER_OBJECT_CONVERSION = YES_AGGRESSIVE;
				CLANG_CXX_LANGUAGE_STANDARD = "gnu++20";
				CLANG_ENABLE_MODULES = YES;
				CLANG_ENABLE_OBJC_ARC = YES;
				CLANG_ENABLE_OBJC_WEAK = YES;
				CLANG_WARN_BLOCK_CAPTURE_AUTORELEASING = YES;
				CLANG_WARN_BOOL_CONVERSION = YES;
				CLANG_WARN_COMMA = YES;
				CLANG_WARN_CONSTANT_CONVERSION = YES;
				CLANG_WARN_DEPRECATED_OBJC_IMPLEMENTATIONS = YES;
				CLANG_WARN_DIRECT_OBJC_ISA_USAGE = YES_ERROR;
				CLANG_WARN_DOCUMENTATION_COMMENTS = YES;
				CLANG_WARN_EMPTY_BODY = YES;
				CLANG_WARN_ENUM_CONVERSION = YES;
				CLANG_WARN_INFINITE_RECURSION = YES;
				CLANG_WARN_INT_CONVERSION = YES;
				CLANG_WARN_NON_LITERAL_NULL_CONVERSION = YES;
				CLANG_WARN_OBJC_IMPLICIT_RETAIN_SELF = YES;
				CLANG_WARN_OBJC_LITERAL_CONVERSION = YES;
				CLANG_WARN_OBJC_ROOT_CLASS = YES_ERROR;
				CLANG_WARN_QUOTED_INCLUDE_IN_FRAMEWORK_HEADER = YES;
				CLANG_WARN_RANGE_LOOP_ANALYSIS = YES;
				CLANG_WARN_STRICT_PROTOTYPES = YES;
				CLANG_WARN_SUSPICIOUS_MOVE = YES;
				CLANG_WARN_UNGUARDED_AVAILABILITY = YES_AGGRESSIVE;
				CLANG_WARN_UNREACHABLE_CODE = YES;
				CLANG_WARN__DUPLICATE_METHOD_MATCH = YES;
				COPY_PHASE_STRIP = NO;
				DEBUG_INFORMATION_FORMAT = dwarf;
				ENABLE_STRICT_OBJC_MSGSEND = YES;
				ENABLE_TESTABILITY = YES;
				GCC_C_LANGUAGE_STANDARD = gnu11;
				GCC_DYNAMIC_NO_PIC = NO;
				GCC_NO_COMMON_BLOCKS = YES;
				GCC_OPTIMIZATION_LEVEL = 0;
				GCC_PREPROCESSOR_DEFINITIONS = (
					"DEBUG=1",
					"$(inherited)",
				);
				GCC_WARN_64_TO_32_BIT_CONVERSION = YES;
				GCC_WARN_ABOUT_RETURN_TYPE = YES_ERROR;
				GCC_WARN_UNDECLARED_SELECTOR = YES;
				GCC_WARN_UNINITIALIZED_AUTOS = YES_AGGRESSIVE;
				GCC_WARN_UNUSED_FUNCTION = YES;
				GCC_WARN_UNUSED_VARIABLE = YES;
				IPHONEOS_DEPLOYMENT_TARGET = 16.4;
				MTL_ENABLE_DEBUG_INFO = INCLUDE_SOURCE;
				MTL_FAST_MATH = YES;
				ONLY_ACTIVE_ARCH = YES;
				SDKROOT = iphoneos;
				SWIFT_ACTIVE_COMPILATION_CONDITIONS = DEBUG;
				SWIFT_OPTIMIZATION_LEVEL = "-Onone";
			};
			name = Debug;
		};
		DC8BCBD42A397710009B6EA8 /* Release */ = {
			isa = XCBuildConfiguration;
			buildSettings = {
				ALWAYS_SEARCH_USER_PATHS = NO;
				CLANG_ANALYZER_NONNULL = YES;
				CLANG_ANALYZER_NUMBER_OBJECT_CONVERSION = YES_AGGRESSIVE;
				CLANG_CXX_LANGUAGE_STANDARD = "gnu++20";
				CLANG_ENABLE_MODULES = YES;
				CLANG_ENABLE_OBJC_ARC = YES;
				CLANG_ENABLE_OBJC_WEAK = YES;
				CLANG_WARN_BLOCK_CAPTURE_AUTORELEASING = YES;
				CLANG_WARN_BOOL_CONVERSION = YES;
				CLANG_WARN_COMMA = YES;
				CLANG_WARN_CONSTANT_CONVERSION = YES;
				CLANG_WARN_DEPRECATED_OBJC_IMPLEMENTATIONS = YES;
				CLANG_WARN_DIRECT_OBJC_ISA_USAGE = YES_ERROR;
				CLANG_WARN_DOCUMENTATION_COMMENTS = YES;
				CLANG_WARN_EMPTY_BODY = YES;
				CLANG_WARN_ENUM_CONVERSION = YES;
				CLANG_WARN_INFINITE_RECURSION = YES;
				CLANG_WARN_INT_CONVERSION = YES;
				CLANG_WARN_NON_LITERAL_NULL_CONVERSION = YES;
				CLANG_WARN_OBJC_IMPLICIT_RETAIN_SELF = YES;
				CLANG_WARN_OBJC_LITERAL_CONVERSION = YES;
				CLANG_WARN_OBJC_ROOT_CLASS = YES_ERROR;
				CLANG_WARN_QUOTED_INCLUDE_IN_FRAMEWORK_HEADER = YES;
				CLANG_WARN_RANGE_LOOP_ANALYSIS = YES;
				CLANG_WARN_STRICT_PROTOTYPES = YES;
				CLANG_WARN_SUSPICIOUS_MOVE = YES;
				CLANG_WARN_UNGUARDED_AVAILABILITY = YES_AGGRESSIVE;
				CLANG_WARN_UNREACHABLE_CODE = YES;
				CLANG_WARN__DUPLICATE_METHOD_MATCH = YES;
				COPY_PHASE_STRIP = NO;
				DEBUG_INFORMATION_FORMAT = "dwarf-with-dsym";
				ENABLE_NS_ASSERTIONS = NO;
				ENABLE_STRICT_OBJC_MSGSEND = YES;
				GCC_C_LANGUAGE_STANDARD = gnu11;
				GCC_NO_COMMON_BLOCKS = YES;
				GCC_WARN_64_TO_32_BIT_CONVERSION = YES;
				GCC_WARN_ABOUT_RETURN_TYPE = YES_ERROR;
				GCC_WARN_UNDECLARED_SELECTOR = YES;
				GCC_WARN_UNINITIALIZED_AUTOS = YES_AGGRESSIVE;
				GCC_WARN_UNUSED_FUNCTION = YES;
				GCC_WARN_UNUSED_VARIABLE = YES;
				IPHONEOS_DEPLOYMENT_TARGET = 16.4;
				MTL_ENABLE_DEBUG_INFO = NO;
				MTL_FAST_MATH = YES;
				SDKROOT = iphoneos;
				SWIFT_COMPILATION_MODE = wholemodule;
				SWIFT_OPTIMIZATION_LEVEL = "-O";
				VALIDATE_PRODUCT = YES;
			};
			name = Release;
		};
		DC8BCBD62A397710009B6EA8 /* Debug */ = {
			isa = XCBuildConfiguration;
			buildSettings = {
				ASSETCATALOG_COMPILER_APPICON_NAME = AppIcon;
				ASSETCATALOG_COMPILER_GLOBAL_ACCENT_COLOR_NAME = AccentColor;
				CODE_SIGN_STYLE = Automatic;
				CURRENT_PROJECT_VERSION = 1;
				GENERATE_INFOPLIST_FILE = YES;
				INFOPLIST_FILE = StudentKit/Info.plist;
				INFOPLIST_KEY_UIApplicationSupportsIndirectInputEvents = YES;
				INFOPLIST_KEY_UILaunchStoryboardName = LaunchScreen;
				INFOPLIST_KEY_UIMainStoryboardFile = Main;
				INFOPLIST_KEY_UISupportedInterfaceOrientations_iPad = "UIInterfaceOrientationPortrait UIInterfaceOrientationPortraitUpsideDown UIInterfaceOrientationLandscapeLeft UIInterfaceOrientationLandscapeRight";
				INFOPLIST_KEY_UISupportedInterfaceOrientations_iPhone = "UIInterfaceOrientationPortrait UIInterfaceOrientationLandscapeLeft UIInterfaceOrientationLandscapeRight";
				LD_RUNPATH_SEARCH_PATHS = (
					"$(inherited)",
					"@executable_path/Frameworks",
				);
				MARKETING_VERSION = 1.0;
				PRODUCT_BUNDLE_IDENTIFIER = com.yunjikim.StudentKit;
				PRODUCT_NAME = "$(TARGET_NAME)";
				SWIFT_EMIT_LOC_STRINGS = YES;
				SWIFT_VERSION = 5.0;
				TARGETED_DEVICE_FAMILY = "1,2";
			};
			name = Debug;
		};
		DC8BCBD72A397710009B6EA8 /* Release */ = {
			isa = XCBuildConfiguration;
			buildSettings = {
				ASSETCATALOG_COMPILER_APPICON_NAME = AppIcon;
				ASSETCATALOG_COMPILER_GLOBAL_ACCENT_COLOR_NAME = AccentColor;
				CODE_SIGN_STYLE = Automatic;
				CURRENT_PROJECT_VERSION = 1;
				GENERATE_INFOPLIST_FILE = YES;
				INFOPLIST_FILE = StudentKit/Info.plist;
				INFOPLIST_KEY_UIApplicationSupportsIndirectInputEvents = YES;
				INFOPLIST_KEY_UILaunchStoryboardName = LaunchScreen;
				INFOPLIST_KEY_UIMainStoryboardFile = Main;
				INFOPLIST_KEY_UISupportedInterfaceOrientations_iPad = "UIInterfaceOrientationPortrait UIInterfaceOrientationPortraitUpsideDown UIInterfaceOrientationLandscapeLeft UIInterfaceOrientationLandscapeRight";
				INFOPLIST_KEY_UISupportedInterfaceOrientations_iPhone = "UIInterfaceOrientationPortrait UIInterfaceOrientationLandscapeLeft UIInterfaceOrientationLandscapeRight";
				LD_RUNPATH_SEARCH_PATHS = (
					"$(inherited)",
					"@executable_path/Frameworks",
				);
				MARKETING_VERSION = 1.0;
				PRODUCT_BUNDLE_IDENTIFIER = com.yunjikim.StudentKit;
				PRODUCT_NAME = "$(TARGET_NAME)";
				SWIFT_EMIT_LOC_STRINGS = YES;
				SWIFT_VERSION = 5.0;
				TARGETED_DEVICE_FAMILY = "1,2";
			};
			name = Release;
		};
/* End XCBuildConfiguration section */

/* Begin XCConfigurationList section */
		DC8BCBBC2A39770E009B6EA8 /* Build configuration list for PBXProject "StudentKit" */ = {
			isa = XCConfigurationList;
			buildConfigurations = (
				DC8BCBD32A397710009B6EA8 /* Debug */,
				DC8BCBD42A397710009B6EA8 /* Release */,
			);
			defaultConfigurationIsVisible = 0;
			defaultConfigurationName = Release;
		};
		DC8BCBD52A397710009B6EA8 /* Build configuration list for PBXNativeTarget "StudentKit" */ = {
			isa = XCConfigurationList;
			buildConfigurations = (
				DC8BCBD62A397710009B6EA8 /* Debug */,
				DC8BCBD72A397710009B6EA8 /* Release */,
			);
			defaultConfigurationIsVisible = 0;
			defaultConfigurationName = Release;
		};
/* End XCConfigurationList section */
	};
	rootObject = DC8BCBB92A39770E009B6EA8 /* Project object */;
}
